<?xml version="1.0" encoding="utf-8"?>
<Project ToolsVersion="4.0" xmlns="http://schemas.microsoft.com/developer/msbuild/2003">
  <ItemGroup>
    <Filter Include="Framework">
      <UniqueIdentifier>{4FC737F1-C7A5-4376-A066-2A32D752A2FF}</UniqueIdentifier>
      <Extensions>cpp;c;cc;cxx;c++;cppm;ixx;def;odl;idl;hpj;bat;asm;asmx</Extensions>
    </Filter>
    <Filter Include="World">
      <UniqueIdentifier>{e43f234b-c47e-4c6d-93e3-766bf592095f}</UniqueIdentifier>
    </Filter>
    <Filter Include="Data">
      <UniqueIdentifier>{aed7b1af-93a8-48de-97d6-e90aec048800}</UniqueIdentifier>
    </Filter>
    <Filter Include="Shaders">
      <UniqueIdentifier>{c673384c-de56-4f91-9f43-eadb7a1c3110}</UniqueIdentifier>
    </Filter>
  </ItemGroup>
  <ItemGroup>
    <ClCompile Include="Main_Windows.cpp">
      <Filter>Framework</Filter>
    </ClCompile>
    <ClCompile Include="App.cpp">
      <Filter>Framework</Filter>
    </ClCompile>
    <ClCompile Include="GameCommon.cpp">
      <Filter>Framework</Filter>
    </ClCompile>
    <ClCompile Include="Game.cpp">
      <Filter>Framework</Filter>
    </ClCompile>
    <ClCompile Include="Block.cpp">
      <Filter>World</Filter>
    </ClCompile>
    <ClCompile Include="Chunks.cpp">
      <Filter>World</Filter>
    </ClCompile>
    <ClCompile Include="World.cpp">
      <Filter>World</Filter>
    </ClCompile>
    <ClCompile Include="BlockDef.cpp">
      <Filter>World</Filter>
    </ClCompile>
    <ClCompile Include="BlockIterator.cpp">
      <Filter>World</Filter>
    </ClCompile>
    <ClCompile Include="BlockTemplate.cpp">
      <Filter>World</Filter>
    </ClCompile>
  </ItemGroup>
  <ItemGroup>
    <ClInclude Include="App.hpp">
      <Filter>Framework</Filter>
    </ClInclude>
    <ClInclude Include="GameCommon.hpp">
      <Filter>Framework</Filter>
    </ClInclude>
    <ClInclude Include="EngineBuildPreferences.hpp">
      <Filter>Framework</Filter>
    </ClInclude>
    <ClInclude Include="Game.hpp">
      <Filter>Framework</Filter>
    </ClInclude>
    <ClInclude Include="BlockDef.hpp">
      <Filter>World</Filter>
    </ClInclude>
    <ClInclude Include="Block.hpp">
      <Filter>World</Filter>
    </ClInclude>
    <ClInclude Include="Chunks.hpp">
      <Filter>World</Filter>
    </ClInclude>
    <ClInclude Include="World.hpp">
      <Filter>World</Filter>
    </ClInclude>
    <ClInclude Include="BlockIterator.hpp">
      <Filter>World</Filter>
    </ClInclude>
    <ClInclude Include="BlockTemplate.hpp">
      <Filter>World</Filter>
    </ClInclude>
  </ItemGroup>
  <ItemGroup>
    <Xml Include="..\..\Run\Data\GameConfig.xml">
      <Filter>Data</Filter>
    </Xml>
  </ItemGroup>
</Project>